# This file is generated by running "yarn install" inside your project.
# Manual changes might be lost - proceed with caution!

__metadata:
  version: 4
  cacheKey: 8

"@types/js-yaml@npm:4.0.0":
  version: 4.0.0
  resolution: "@types/js-yaml@npm:4.0.0"
  checksum: 09a992ce25da1db0aa321aac5952bebc6909ee350a288e1d9d2e729224c49895ff07044e98f83394264ce1c0f57ebab42f82c3be789a31e4fde6265f6d39eac0
  languageName: node
  linkType: hard

"@types/mri@npm:*":
  version: 1.1.0
  resolution: "@types/mri@npm:1.1.0"
  checksum: e642ee6fcf72ac24989cb996e80391d1c784cbd7e3b2608e7a49a09f6cd3888b6de5ae095ad4b79096c46f949f3fd72b5d9e3bd1ef102625d3dcb69ec135a811
  languageName: node
  linkType: hard

"@types/node@npm:*":
  version: 14.14.37
  resolution: "@types/node@npm:14.14.37"
  checksum: 647e671ac3815f428a07ae9353ebab93c5335d4d0a461ca837a79eebf55c04f28bee80f0c43881cdd8696f595feb112bc8eb74f6124125e02f79a7677374c187
  languageName: node
  linkType: hard

"@types/node@npm:^16.7.4":
  version: 16.7.4
  resolution: "@types/node@npm:16.7.4"
  checksum: da7813e6c37e7813645a9d40de6d9f803fbadb2975748d307ec31d8e4f9baabccf49b667a39e4b1288d477ec7d34a339e8a41d8703a1d7ab0ec8eb2516073f27
  languageName: node
  linkType: hard

"@types/opener@npm:1.4.0":
  version: 1.4.0
  resolution: "@types/opener@npm:1.4.0"
  dependencies:
    "@types/node": "*"
  checksum: ab7c7fdf69e29b844d50bd751a51cf971a5a25e2bfe4ae0751f52ea56413b94b3291a02b66db8bd20110552ef38a7d5e0940259c616f94d3a39f60830ee50768
  languageName: node
  linkType: hard

"@types/sade@npm:1.7.2":
  version: 1.7.2
  resolution: "@types/sade@npm:1.7.2"
  dependencies:
    "@types/mri": "*"
  checksum: b6539fd5c4db7759038889112a32c1cb32c20bdb14499b663c83239f51d488cc919586b6319a9048e2af9fa8255e479199e309e1f262e308a3eaf5a94c080ecb
  languageName: node
  linkType: hard

"ado-auth@workspace:.":
  version: 0.0.0-use.local
  resolution: "ado-auth@workspace:."
  dependencies:
    "@types/js-yaml": 4.0.0
    "@types/node": ^16.7.4
    "@types/opener": 1.4.0
    "@types/sade": 1.7.2
    chalk: 4.1.0
    dayjs: 1.10.4
    esbuild-runner: 1.3.2
    js-yaml: 4.0.0
    opener: 1.5.2
    ora: 5.4.0
    sade: 1.7.4
    typescript: 4.2.3
  bin:
    ado-auth: ./bin/src/cli.js
  languageName: unknown
  linkType: soft

"ansi-regex@npm:^5.0.0":
  version: 5.0.0
  resolution: "ansi-regex@npm:5.0.0"
  checksum: b1bb4e992a5d96327bb4f72eaba9f8047f1d808d273ad19d399e266bfcc7fb19a4d1a127a32f7bc61fe46f1a94a4d04ec4c424e3fbe184929aa866323d8ed4ce
  languageName: node
  linkType: hard

"ansi-styles@npm:^4.1.0":
  version: 4.3.0
  resolution: "ansi-styles@npm:4.3.0"
  dependencies:
    color-convert: ^2.0.1
  checksum: 513b44c3b2105dd14cc42a19271e80f386466c4be574bccf60b627432f9198571ebf4ab1e4c3ba17347658f4ee1711c163d574248c0c1cdc2d5917a0ad582ec4
  languageName: node
  linkType: hard

"argparse@npm:^2.0.1":
  version: 2.0.1
  resolution: "argparse@npm:2.0.1"
  checksum: 83644b56493e89a254bae05702abf3a1101b4fa4d0ca31df1c9985275a5a5bd47b3c27b7fa0b71098d41114d8ca000e6ed90cad764b306f8a503665e4d517ced
  languageName: node
  linkType: hard

"base64-js@npm:^1.3.1":
  version: 1.5.1
  resolution: "base64-js@npm:1.5.1"
  checksum: 669632eb3745404c2f822a18fc3a0122d2f9a7a13f7fb8b5823ee19d1d2ff9ee5b52c53367176ea4ad093c332fd5ab4bd0ebae5a8e27917a4105a4cfc86b1005
  languageName: node
  linkType: hard

"bl@npm:^4.1.0":
  version: 4.1.0
  resolution: "bl@npm:4.1.0"
  dependencies:
    buffer: ^5.5.0
    inherits: ^2.0.4
    readable-stream: ^3.4.0
  checksum: 9e8521fa7e83aa9427c6f8ccdcba6e8167ef30cc9a22df26effcc5ab682ef91d2cbc23a239f945d099289e4bbcfae7a192e9c28c84c6202e710a0dfec3722662
  languageName: node
  linkType: hard

"buffer-from@npm:^1.0.0":
  version: 1.1.1
  resolution: "buffer-from@npm:1.1.1"
  checksum: ccc53b69736008bff764497367c4d24879ba7122bc619ee499ff47eef3a5b885ca496e87272e7ebffa0bec3804c83f84041c616f6e3318f40624e27c1d80f045
  languageName: node
  linkType: hard

"buffer@npm:^5.5.0":
  version: 5.7.1
  resolution: "buffer@npm:5.7.1"
  dependencies:
    base64-js: ^1.3.1
    ieee754: ^1.1.13
  checksum: e2cf8429e1c4c7b8cbd30834ac09bd61da46ce35f5c22a78e6c2f04497d6d25541b16881e30a019c6fd3154150650ccee27a308eff3e26229d788bbdeb08ab84
  languageName: node
  linkType: hard

"chalk@npm:4.1.0, chalk@npm:^4.1.0":
  version: 4.1.0
  resolution: "chalk@npm:4.1.0"
  dependencies:
    ansi-styles: ^4.1.0
    supports-color: ^7.1.0
  checksum: 5561c7b4c063badee3e16d04bce50bd033e1be1bf4c6948639275683ffa7a1993c44639b43c22b1c505f0f813a24b1889037eb182546b48946f9fe7cdd0e7d13
  languageName: node
  linkType: hard

"cli-cursor@npm:^3.1.0":
  version: 3.1.0
  resolution: "cli-cursor@npm:3.1.0"
  dependencies:
    restore-cursor: ^3.1.0
  checksum: 2692784c6cd2fd85cfdbd11f53aea73a463a6d64a77c3e098b2b4697a20443f430c220629e1ca3b195ea5ac4a97a74c2ee411f3807abf6df2b66211fec0c0a29
  languageName: node
  linkType: hard

"cli-spinners@npm:^2.5.0":
  version: 2.6.0
  resolution: "cli-spinners@npm:2.6.0"
  checksum: bc5d06af9f896e95d0c277e2a5ee0adc5876767decca6b3c22e212934b96033453268cb59be904eccb6d59119e57dbb3fc8ca9bdf5f8476506283b3dd8728748
  languageName: node
  linkType: hard

"clone@npm:^1.0.2":
  version: 1.0.4
  resolution: "clone@npm:1.0.4"
  checksum: d06418b7335897209e77bdd430d04f882189582e67bd1f75a04565f3f07f5b3f119a9d670c943b6697d0afb100f03b866b3b8a1f91d4d02d72c4ecf2bb64b5dd
  languageName: node
  linkType: hard

"color-convert@npm:^2.0.1":
  version: 2.0.1
  resolution: "color-convert@npm:2.0.1"
  dependencies:
    color-name: ~1.1.4
  checksum: 79e6bdb9fd479a205c71d89574fccfb22bd9053bd98c6c4d870d65c132e5e904e6034978e55b43d69fcaa7433af2016ee203ce76eeba9cfa554b373e7f7db336
  languageName: node
  linkType: hard

"color-name@npm:~1.1.4":
  version: 1.1.4
  resolution: "color-name@npm:1.1.4"
  checksum: b0445859521eb4021cd0fb0cc1a75cecf67fceecae89b63f62b201cca8d345baf8b952c966862a9d9a2632987d4f6581f0ec8d957dfacece86f0a7919316f610
  languageName: node
  linkType: hard

"dayjs@npm:1.10.4":
  version: 1.10.4
  resolution: "dayjs@npm:1.10.4"
  checksum: d248d6aa1e04f8577a94978e5194c1023347bc08b7c2766d4a4d50b0b69382d3f4fd912b9fcb64ffad4ee2947d53cd8e5d707f49b14817eb7810959d8d95c938
  languageName: node
  linkType: hard

"defaults@npm:^1.0.3":
  version: 1.0.3
  resolution: "defaults@npm:1.0.3"
  dependencies:
    clone: ^1.0.2
  checksum: 96e2112da6553d376afd5265ea7cbdb2a3b45535965d71ab8bb1da10c8126d168fdd5268799625324b368356d21ba2a7b3d4ec50961f11a47b7feb9de3d4413e
  languageName: node
  linkType: hard

"esbuild-runner@npm:1.3.2":
  version: 1.3.2
  resolution: "esbuild-runner@npm:1.3.2"
  dependencies:
    esbuild: ^0.8.20
    source-map-support: ^0.5.19
    tslib: ^2.0.3
  bin:
    esr: bin/esr.js
  checksum: 796610905e10d3961cfb7ed8bcd154b31f7ced358e1165526807d94824abfbc8128776376c358456777a29548c8e5ff3f7b4c915ffbaca48c66210121d413710
  languageName: node
  linkType: hard

"esbuild@npm:^0.8.20":
  version: 0.8.57
  resolution: "esbuild@npm:0.8.57"
  bin:
    esbuild: bin/esbuild
  checksum: ab98e6f2b56b7f2e66bedc9963cba1304870d68c57e06c4eaf376e23aec88adb100df07a32e9addf3b7953962c5184c7db004c09db36fc753ebf1ae5e1f71dcc
  languageName: node
  linkType: hard

"has-flag@npm:^4.0.0":
  version: 4.0.0
  resolution: "has-flag@npm:4.0.0"
  checksum: 261a1357037ead75e338156b1f9452c016a37dcd3283a972a30d9e4a87441ba372c8b81f818cd0fbcd9c0354b4ae7e18b9e1afa1971164aef6d18c2b6095a8ad
  languageName: node
  linkType: hard

"ieee754@npm:^1.1.13":
  version: 1.2.1
  resolution: "ieee754@npm:1.2.1"
  checksum: 5144c0c9815e54ada181d80a0b810221a253562422e7c6c3a60b1901154184f49326ec239d618c416c1c5945a2e197107aee8d986a3dd836b53dffefd99b5e7e
  languageName: node
  linkType: hard

"inherits@npm:^2.0.3, inherits@npm:^2.0.4":
  version: 2.0.4
  resolution: "inherits@npm:2.0.4"
  checksum: 4a48a733847879d6cf6691860a6b1e3f0f4754176e4d71494c41f3475553768b10f84b5ce1d40fbd0e34e6bfbb864ee35858ad4dd2cf31e02fc4a154b724d7f1
  languageName: node
  linkType: hard

"is-interactive@npm:^1.0.0":
  version: 1.0.0
  resolution: "is-interactive@npm:1.0.0"
  checksum: 824808776e2d468b2916cdd6c16acacebce060d844c35ca6d82267da692e92c3a16fdba624c50b54a63f38bdc4016055b6f443ce57d7147240de4f8cdabaf6f9
  languageName: node
  linkType: hard

"is-unicode-supported@npm:^0.1.0":
  version: 0.1.0
  resolution: "is-unicode-supported@npm:0.1.0"
  checksum: a2aab86ee7712f5c2f999180daaba5f361bdad1efadc9610ff5b8ab5495b86e4f627839d085c6530363c6d6d4ecbde340fb8e54bdb83da4ba8e0865ed5513c52
  languageName: node
  linkType: hard

"js-yaml@npm:4.0.0":
  version: 4.0.0
  resolution: "js-yaml@npm:4.0.0"
  dependencies:
    argparse: ^2.0.1
  bin:
    js-yaml: bin/js-yaml.js
  checksum: 931d6dddb3589fa272c8273366c6dffa99fd6bd26ac7b70f9bac925c28cb7ae352b964192df84f90ecd7a2ff50ab87e6d58e2148eb19c89aa155c73ed847ab92
  languageName: node
  linkType: hard

"log-symbols@npm:^4.1.0":
  version: 4.1.0
  resolution: "log-symbols@npm:4.1.0"
  dependencies:
    chalk: ^4.1.0
    is-unicode-supported: ^0.1.0
  checksum: fce1497b3135a0198803f9f07464165e9eb83ed02ceb2273930a6f8a508951178d8cf4f0378e9d28300a2ed2bc49050995d2bd5f53ab716bb15ac84d58c6ef74
  languageName: node
  linkType: hard

"mimic-fn@npm:^2.1.0":
  version: 2.1.0
  resolution: "mimic-fn@npm:2.1.0"
  checksum: d2421a3444848ce7f84bd49115ddacff29c15745db73f54041edc906c14b131a38d05298dae3081667627a59b2eb1ca4b436ff2e1b80f69679522410418b478a
  languageName: node
  linkType: hard

"mri@npm:^1.1.0":
  version: 1.1.6
  resolution: "mri@npm:1.1.6"
  checksum: c568269a40e2e95d48f28b88ab8b24bdc7c586edbfbb3e5ce7a4e3cee0665aef673b86bc2b63c98289d29b573a39d0e054924e415286a8dafdabfc68785746c7
  languageName: node
  linkType: hard

"onetime@npm:^5.1.0":
  version: 5.1.2
  resolution: "onetime@npm:5.1.2"
  dependencies:
    mimic-fn: ^2.1.0
  checksum: 2478859ef817fc5d4e9c2f9e5728512ddd1dbc9fb7829ad263765bb6d3b91ce699d6e2332eef6b7dff183c2f490bd3349f1666427eaba4469fba0ac38dfd0d34
  languageName: node
  linkType: hard

"opener@npm:1.5.2":
  version: 1.5.2
  resolution: "opener@npm:1.5.2"
  bin:
    opener: bin/opener-bin.js
  checksum: 33b620c0d53d5b883f2abc6687dd1c5fd394d270dbe33a6356f2d71e0a2ec85b100d5bac94694198ccf5c30d592da863b2292c5539009c715a9c80c697b4f6cc
  languageName: node
  linkType: hard

"ora@npm:5.4.0":
  version: 5.4.0
  resolution: "ora@npm:5.4.0"
  dependencies:
    bl: ^4.1.0
    chalk: ^4.1.0
    cli-cursor: ^3.1.0
    cli-spinners: ^2.5.0
    is-interactive: ^1.0.0
    is-unicode-supported: ^0.1.0
    log-symbols: ^4.1.0
    strip-ansi: ^6.0.0
    wcwidth: ^1.0.1
  checksum: ada35e4d787e627738dddd7c715a62da22d9403d5b450706db6e249df018e1ad0ca14bfd0397aa1c5ac268beaacfb3fc94a79ec7f5ce36d9bd9bfa88657625e7
  languageName: node
  linkType: hard

"readable-stream@npm:^3.4.0":
  version: 3.6.0
  resolution: "readable-stream@npm:3.6.0"
  dependencies:
    inherits: ^2.0.3
    string_decoder: ^1.1.1
    util-deprecate: ^1.0.1
  checksum: d4ea81502d3799439bb955a3a5d1d808592cf3133350ed352aeaa499647858b27b1c4013984900238b0873ec8d0d8defce72469fb7a83e61d53f5ad61cb80dc8
  languageName: node
  linkType: hard

"restore-cursor@npm:^3.1.0":
  version: 3.1.0
  resolution: "restore-cursor@npm:3.1.0"
  dependencies:
    onetime: ^5.1.0
    signal-exit: ^3.0.2
  checksum: f877dd8741796b909f2a82454ec111afb84eb45890eb49ac947d87991379406b3b83ff9673a46012fca0d7844bb989f45cc5b788254cf1a39b6b5a9659de0630
  languageName: node
  linkType: hard

"sade@npm:1.7.4":
  version: 1.7.4
  resolution: "sade@npm:1.7.4"
  dependencies:
    mri: ^1.1.0
  checksum: 80a2c4ca086c25cdb62cb084a38a0cc72afc657ed4b1874d6e7b3fd0b7f748cf806567ece6d68f13e19d0ed1779cd226ca8c24d8fd7ae692bf09bff1e1966522
  languageName: node
  linkType: hard

"safe-buffer@npm:~5.2.0":
  version: 5.2.1
  resolution: "safe-buffer@npm:5.2.1"
  checksum: b99c4b41fdd67a6aaf280fcd05e9ffb0813654894223afb78a31f14a19ad220bba8aba1cb14eddce1fcfb037155fe6de4e861784eb434f7d11ed58d1e70dd491
  languageName: node
  linkType: hard

"signal-exit@npm:^3.0.2":
  version: 3.0.3
  resolution: "signal-exit@npm:3.0.3"
  checksum: f0169d3f1263d06df32ca072b0bf33b34c6f8f0341a7a1621558a2444dfbe8f5fec76b35537fcc6f0bc4944bdb5336fe0bdcf41a5422c4e45a1dba3f45475e6c
  languageName: node
  linkType: hard

"source-map-support@npm:^0.5.19":
  version: 0.5.19
  resolution: "source-map-support@npm:0.5.19"
  dependencies:
    buffer-from: ^1.0.0
    source-map: ^0.6.0
  checksum: c72802fdba9cb62b92baef18cc14cc4047608b77f0353e6c36dd993444149a466a2845332c5540d4a6630957254f0f68f4ef5a0120c33d2e83974c51a05afbac
  languageName: node
  linkType: hard

"source-map@npm:^0.6.0":
  version: 0.6.1
  resolution: "source-map@npm:0.6.1"
  checksum: 59ce8640cf3f3124f64ac289012c2b8bd377c238e316fb323ea22fbfe83da07d81e000071d7242cad7a23cd91c7de98e4df8830ec3f133cb6133a5f6e9f67bc2
  languageName: node
  linkType: hard

"string_decoder@npm:^1.1.1":
  version: 1.3.0
  resolution: "string_decoder@npm:1.3.0"
  dependencies:
    safe-buffer: ~5.2.0
  checksum: 8417646695a66e73aefc4420eb3b84cc9ffd89572861fe004e6aeb13c7bc00e2f616247505d2dbbef24247c372f70268f594af7126f43548565c68c117bdeb56
  languageName: node
  linkType: hard

"strip-ansi@npm:^6.0.0":
  version: 6.0.0
  resolution: "strip-ansi@npm:6.0.0"
  dependencies:
    ansi-regex: ^5.0.0
  checksum: 04c3239ede44c4d195b0e66c0ad58b932f08bec7d05290416d361ff908ad282ecdaf5d9731e322c84f151d427436bde01f05b7422c3ec26dd927586736b0e5d0
  languageName: node
  linkType: hard

"supports-color@npm:^7.1.0":
  version: 7.2.0
  resolution: "supports-color@npm:7.2.0"
  dependencies:
    has-flag: ^4.0.0
  checksum: 3dda818de06ebbe5b9653e07842d9479f3555ebc77e9a0280caf5a14fb877ffee9ed57007c3b78f5a6324b8dbeec648d9e97a24e2ed9fdb81ddc69ea07100f4a
  languageName: node
  linkType: hard

"tslib@npm:^2.0.3":
  version: 2.1.0
  resolution: "tslib@npm:2.1.0"
  checksum: aa189c8179de0427b0906da30926fd53c59d96ec239dff87d6e6bc831f608df0cbd6f77c61dabc074408bd0aa0b9ae4ec35cb2c15f729e32f37274db5730cb78
  languageName: node
  linkType: hard

typescript@4.2.3:
  version: 4.2.3
  resolution: "typescript@npm:4.2.3"
  bin:
    tsc: bin/tsc
    tsserver: bin/tsserver
  checksum: b4a2020c021211184ac15caf59936b2089c13e79685f340a31aaa839c9de2f73b44a5e3757292de6cdad2ed967aef80d4592161b814cc29c0570f261850c4bca
  languageName: node
  linkType: hard

"typescript@patch:typescript@4.2.3#~builtin<compat/typescript>":
  version: 4.2.3
  resolution: "typescript@patch:typescript@npm%3A4.2.3#~builtin<compat/typescript>::version=4.2.3&hash=d8b4e7"
  bin:
    tsc: bin/tsc
    tsserver: bin/tsserver
  checksum: f24cd922182bb29e1849fa72dffc25ff37f2177646b5526100e8638baf69e5498969e2364ae1a1deba8e74d0d101c1a91b73e6b5d3d9a3c8674c7ac95b3f67cd
  languageName: node
  linkType: hard

"util-deprecate@npm:^1.0.1":
  version: 1.0.2
  resolution: "util-deprecate@npm:1.0.2"
  checksum: 474acf1146cb2701fe3b074892217553dfcf9a031280919ba1b8d651a068c9b15d863b7303cb15bd00a862b498e6cf4ad7b4a08fb134edd5a6f7641681cb54a2
  languageName: node
  linkType: hard

"wcwidth@npm:^1.0.1":
  version: 1.0.1
  resolution: "wcwidth@npm:1.0.1"
  dependencies:
    defaults: ^1.0.3
  checksum: 814e9d1ddcc9798f7377ffa448a5a3892232b9275ebb30a41b529607691c0491de47cba426e917a4d08ded3ee7e9ba2f3fe32e62ee3cd9c7d3bafb7754bd553c
  languageName: node
  linkType: hard
