# This file is generated by running "yarn install" inside your project.
# Manual changes might be lost - proceed with caution!

__metadata:
  version: 4
  cacheKey: 7

"@types/accepts@npm:*":
  version: 1.3.5
  resolution: "@types/accepts@npm:1.3.5"
  dependencies:
    "@types/node": "*"
  checksum: 78a31c01d948c405a1a6a89061f0acd5a89df40de445c36382538985a3d00a236ba1cc5099bd812118525c2f29bb61d4869cd775ba63dd3e160113b5fa203915
  languageName: node
  linkType: hard

"@types/body-parser@npm:*":
  version: 1.19.0
  resolution: "@types/body-parser@npm:1.19.0"
  dependencies:
    "@types/connect": "*"
    "@types/node": "*"
  checksum: 4576f3fde5980c1219cadbc7c523bdb1cefc3713300e18bf47ff37bb9b8176342a1dc7519008311fd8fc11413cf188a83931b9b59051aa1c2f095c1e10459369
  languageName: node
  linkType: hard

"@types/connect@npm:*":
  version: 3.4.34
  resolution: "@types/connect@npm:3.4.34"
  dependencies:
    "@types/node": "*"
  checksum: 6f712a0408ed119a42037bcbc38c12e053d3ffe11337221a3966c9e29a21c8455e331fe2116c426361c0b2c0e44cb3fb1f83594326e42ba34ce4723d726b7d30
  languageName: node
  linkType: hard

"@types/content-disposition@npm:*":
  version: 0.5.3
  resolution: "@types/content-disposition@npm:0.5.3"
  checksum: 1b7d94b19ae8564816233b74df5f662052d393d0fdb317c81d894f5e1e762010c46b1812ce01a1492a72603e182afd18a59673e25ae737efc3e470ba261697d7
  languageName: node
  linkType: hard

"@types/cookies@npm:*":
  version: 0.7.6
  resolution: "@types/cookies@npm:0.7.6"
  dependencies:
    "@types/connect": "*"
    "@types/express": "*"
    "@types/keygrip": "*"
    "@types/node": "*"
  checksum: c15012d2cd76aebb032998b0fcfb26dec1da65ecb2241daf1269f54b198293e4f71bf412cc1868213b0d9c98c0f532d9e8bc1e145cf0a0aa171dab708c41e959
  languageName: node
  linkType: hard

"@types/express-serve-static-core@npm:^4.17.18":
  version: 4.17.19
  resolution: "@types/express-serve-static-core@npm:4.17.19"
  dependencies:
    "@types/node": "*"
    "@types/qs": "*"
    "@types/range-parser": "*"
  checksum: b6c8c357c5d093303c681616b7a80d6a044b47c4161a3459c65e451137832b29a485a8f8708414205f427dade6b4ff5ef799d51715d12f92da3468cf41a2cf06
  languageName: node
  linkType: hard

"@types/express@npm:*":
  version: 4.17.11
  resolution: "@types/express@npm:4.17.11"
  dependencies:
    "@types/body-parser": "*"
    "@types/express-serve-static-core": ^4.17.18
    "@types/qs": "*"
    "@types/serve-static": "*"
  checksum: 2818120a0fd8b7982215864929cdc6cd14942dd44849f93054fe2a90b4233dff67aadc34c73b5937922a02c688b0263d00a4807aa2e59307ac859a1458d73669
  languageName: node
  linkType: hard

"@types/http-assert@npm:*":
  version: 1.5.1
  resolution: "@types/http-assert@npm:1.5.1"
  checksum: 0c9cbc568be88c60870d96953880c9b2c1d7c290df928a4004693debb715b8ad1b3e8a2f4b13b84e22b41379d20d9255e960532cf613a28126e8a433ddabac01
  languageName: node
  linkType: hard

"@types/http-errors@npm:*":
  version: 1.8.0
  resolution: "@types/http-errors@npm:1.8.0"
  checksum: f6a0cf40d026b339f3358771d1a98bce7e637429882255246ccf4056cf0f2df7aaf2997ba3072e13df8688f0cd2f9f99ac4d84bed4665710793de35642b4cdad
  languageName: node
  linkType: hard

"@types/js-yaml@npm:^4.0.0":
  version: 4.0.0
  resolution: "@types/js-yaml@npm:4.0.0"
  checksum: 7a4431db3069988c5fa7fd00be45f18f6e355ab227b3ba23c993eeb949ee6ee39bf7180663b94f5a2378bece277ec4c49f26a27189edc263da7eeb6cd4a09d27
  languageName: node
  linkType: hard

"@types/keygrip@npm:*":
  version: 1.0.2
  resolution: "@types/keygrip@npm:1.0.2"
  checksum: 8d86a3d702146ae7012571f1783bdc1228cc42ec89472b7ed14c2a46b12b1fa7423e9ecfbe1167bdbc4f26bdc95ee4b3b757a9df29202f98333cddc379b46f6d
  languageName: node
  linkType: hard

"@types/koa-compose@npm:*":
  version: 3.2.5
  resolution: "@types/koa-compose@npm:3.2.5"
  dependencies:
    "@types/koa": "*"
  checksum: bb6cae03095752d2f351e650ec4f5631c4512aec85bf5f7bab210a91a04714fbe0e75edac120cb56aff2cee5c6549bd6bf7a0ccc35f3adc0aa41d463b0a1f310
  languageName: node
  linkType: hard

"@types/koa@npm:*, @types/koa@npm:2.13.1":
  version: 2.13.1
  resolution: "@types/koa@npm:2.13.1"
  dependencies:
    "@types/accepts": "*"
    "@types/content-disposition": "*"
    "@types/cookies": "*"
    "@types/http-assert": "*"
    "@types/http-errors": "*"
    "@types/keygrip": "*"
    "@types/koa-compose": "*"
    "@types/node": "*"
  checksum: ba0ccaecc7132b6bdbf83da2f40456f935d04e2eb4270b2c69fc79eee5ab1dc06c9fa08525b6e4bebacc9432cbab918a00102a5f92f210a7c7e50c7b035fca78
  languageName: node
  linkType: hard

"@types/mime@npm:^1":
  version: 1.3.2
  resolution: "@types/mime@npm:1.3.2"
  checksum: c354bc135628c2f4ab64801ca3867c3acbd4050611579c4c9f5bdfecfb70db71bb8540bf8611b4319f5ef44139c5f7c5af81254369add5ed59e7e02ce929b96f
  languageName: node
  linkType: hard

"@types/mri@npm:*":
  version: 1.1.0
  resolution: "@types/mri@npm:1.1.0"
  checksum: 6e7ef55196c46115bb9b31a86751a9f14056459364540328419fcecb35f5379ec47ad35e73c957b7cd2fd7b087edd383b58a6734dce7a9d2b3296b03aa971a53
  languageName: node
  linkType: hard

"@types/node-fetch@npm:2.5.8":
  version: 2.5.8
  resolution: "@types/node-fetch@npm:2.5.8"
  dependencies:
    "@types/node": "*"
    form-data: ^3.0.0
  checksum: 608cdd6aed2c6a44a26406eb63475d4bfb8f63f78f22f747e30dd7cda309b86dc019e4427b9092011541da95d83ef03e2e6558c37d39221c0931617f32d3c4e1
  languageName: node
  linkType: hard

"@types/node@npm:*, @types/node@npm:14.14.37":
  version: 14.14.37
  resolution: "@types/node@npm:14.14.37"
  checksum: 5e2d9baf7594ebacaf016716515f30de0765169412787f981481c2fb8b468923149bb9e2e3219ee672399811672ceddc339a7372a61cf15bc656836a5494d991
  languageName: node
  linkType: hard

"@types/open@npm:^6.2.1":
  version: 6.2.1
  resolution: "@types/open@npm:6.2.1"
  dependencies:
    open: "*"
  checksum: 7395a108b56a8e101b73d807a0368ba82bd935cf1a13373574cb24454e0a35922a32c6348acbdcd45b1c7cbeed0ac75a0059f6046471f0a3e094380bdbf62635
  languageName: node
  linkType: hard

"@types/qs@npm:*":
  version: 6.9.6
  resolution: "@types/qs@npm:6.9.6"
  checksum: a5f3c4f6ad6de2692e710302f5f82fe8db3ec0de1a75ada02a432f75f64025a6e38d28fcc4ed146d3145017e1312cc5cb3d81a0f41a798ec0463b5f47f017963
  languageName: node
  linkType: hard

"@types/range-parser@npm:*":
  version: 1.2.3
  resolution: "@types/range-parser@npm:1.2.3"
  checksum: 092fabae0ecbd728d3e4debc938cd043e97cb9f210cfec1c56ff6065c6e91666f376eb586591825d6757a058fd1a1dc4831d34e04ecfbb0800f35b8d86d38635
  languageName: node
  linkType: hard

"@types/sade@npm:1.7.2":
  version: 1.7.2
  resolution: "@types/sade@npm:1.7.2"
  dependencies:
    "@types/mri": "*"
  checksum: de2ee4f1dae7e060eb7785af97b6aad295168bff1ded27fae674b2cefdc080f2768e8511d310b8d912f445f11e03328efce800739a0de5d8672b8ac4f235840e
  languageName: node
  linkType: hard

"@types/serve-static@npm:*":
  version: 1.13.9
  resolution: "@types/serve-static@npm:1.13.9"
  dependencies:
    "@types/mime": ^1
    "@types/node": "*"
  checksum: f261127514057b5c038d76259128d7b765dd92bfeaf769d05b8ddf5f254d066ce6142a935e2fc707bb3009d6544a979591852f0d135d0ed4d0c56db08738df6b
  languageName: node
  linkType: hard

"ado-auth@workspace:.":
  version: 0.0.0-use.local
  resolution: "ado-auth@workspace:."
  dependencies:
    "@types/js-yaml": ^4.0.0
    "@types/koa": 2.13.1
    "@types/node": 14.14.37
    "@types/node-fetch": 2.5.8
    "@types/open": ^6.2.1
    "@types/sade": 1.7.2
    dayjs: 1.10.4
    esbuild-runner: ^1.3.2
    js-yaml: ^4.0.0
    node-fetch: 2.6.1
    open: 8.0.4
    sade: 1.7.4
    typescript: 4.2.3
  bin:
    ado-auth: ./bin/cli.js
  languageName: unknown
  linkType: soft

"argparse@npm:^2.0.1":
  version: 2.0.1
  resolution: "argparse@npm:2.0.1"
  checksum: 160b7a25d2a7097fd5fdf25eb8a99e037340078f70e6c7cfdef305837ed14d54570b2b13261bcae26c8cd44ad6e9a7136a0110d815ac65a7891c69c7bf2f4afd
  languageName: node
  linkType: hard

"asynckit@npm:^0.4.0":
  version: 0.4.0
  resolution: "asynckit@npm:0.4.0"
  checksum: a024000b9ddd938e2f27b3cb8188f96a5e1fff58185e98b84862fc4e01de279a547874a800340c2b106bb9de9b0fc61c6c683bc6892abf65e6be29a96addafd3
  languageName: node
  linkType: hard

"buffer-from@npm:^1.0.0":
  version: 1.1.1
  resolution: "buffer-from@npm:1.1.1"
  checksum: 540ceb79c4f5bfcadaabbc18324fa84c50dc52905084be7c03596a339cf5a88513bee6831ce9b36ddd046fab09257a7c80686e129d0559a0cfd141da196ad956
  languageName: node
  linkType: hard

"combined-stream@npm:^1.0.8":
  version: 1.0.8
  resolution: "combined-stream@npm:1.0.8"
  dependencies:
    delayed-stream: ~1.0.0
  checksum: 5791ce7944530f0db74a97e77ea28b6fdbf89afcf038e41d6b4195019c4c803cd19ed2905a54959e5b3830d50bd5d6f93c681c6d3aaea8614ad43b48e62e9d65
  languageName: node
  linkType: hard

"dayjs@npm:1.10.4":
  version: 1.10.4
  resolution: "dayjs@npm:1.10.4"
  checksum: 3b7bb2232fff808209870bc72d4b2000941a1aa45f0226e2907f9dd1dda306d4b3a1eb9058450fd2c324b01a007a37809ac6f9b525806a86902c55e2934cd5d5
  languageName: node
  linkType: hard

"define-lazy-prop@npm:^2.0.0":
  version: 2.0.0
  resolution: "define-lazy-prop@npm:2.0.0"
  checksum: aefea62111b83127cdbc030a230e06a1c718049f737ef72892b036aeaa882fcbd801f311145fbbb66df0c34b035dfe745eab1ad76c52e633427ca6f84eca38ef
  languageName: node
  linkType: hard

"delayed-stream@npm:~1.0.0":
  version: 1.0.0
  resolution: "delayed-stream@npm:1.0.0"
  checksum: d9dfb0a7c79fd308fada9db2cf29d1ff22047ceb50dd78f7e3c173567909b438f418259cb76a6d9c9f513e88ef41d3a14154f618741ec8368c3efeff616d0c9f
  languageName: node
  linkType: hard

"esbuild-runner@npm:^1.3.2":
  version: 1.3.2
  resolution: "esbuild-runner@npm:1.3.2"
  dependencies:
    esbuild: ^0.8.20
    source-map-support: ^0.5.19
    tslib: ^2.0.3
  bin:
    esr: bin/esr.js
  checksum: ab16a3dccd147a4d896fe5dbcd748b97990304a7f13ed32a58cb06c92de824f734b92fcaab9f05bbf442f4cf9bf7fdc96adbcf93819a12551548147899334cac
  languageName: node
  linkType: hard

"esbuild@npm:^0.8.20":
  version: 0.8.57
  resolution: "esbuild@npm:0.8.57"
  bin:
    esbuild: bin/esbuild
  checksum: 0942950a21a30b57a324380cfedcb425cc1245412e720593415afa0d4f1b7c5f931aa6330937dc1353c754d45c1e5ff7dbc52eb514f54d85517114971300b454
  languageName: node
  linkType: hard

"form-data@npm:^3.0.0":
  version: 3.0.1
  resolution: "form-data@npm:3.0.1"
  dependencies:
    asynckit: ^0.4.0
    combined-stream: ^1.0.8
    mime-types: ^2.1.12
  checksum: 6574ff4d2d845c47ba288151a6e0573767eefdee9da358be199e0f0b66aa5c454e7d62ed5e0daef6f84167ba1e9596e064f36f206488e460ef449ef7b653cdfc
  languageName: node
  linkType: hard

"is-docker@npm:^2.0.0, is-docker@npm:^2.1.1":
  version: 2.1.1
  resolution: "is-docker@npm:2.1.1"
  bin:
    is-docker: cli.js
  checksum: dc8e36fa63a246728e5dd4b3ab2d454f685d3dcc1fecbe62144a0c3bc1f5eef0cf67cb3af1b4a9d274dd18877b954b651c7ef0a483abae6a7a2baa8f987554ba
  languageName: node
  linkType: hard

"is-wsl@npm:^2.2.0":
  version: 2.2.0
  resolution: "is-wsl@npm:2.2.0"
  dependencies:
    is-docker: ^2.0.0
  checksum: 3dcc4073d4682b9f9a4c59411bb73716cfff88eae58a6bd0af302b8ee016263a5150302bb296bc81a4cb0d3b66c86d82b3ee0146ed15f6558022bc847a2549a2
  languageName: node
  linkType: hard

"js-yaml@npm:^4.0.0":
  version: 4.0.0
  resolution: "js-yaml@npm:4.0.0"
  dependencies:
    argparse: ^2.0.1
  bin:
    js-yaml: bin/js-yaml.js
  checksum: ee9b16cdbba690ec70f46d61737b28b35e26e6d51606c466de7fa876d3517de0cfdffd2e1ef21263d5ca3b32659d2e4c65255f50d6e236f022305bce72242d46
  languageName: node
  linkType: hard

"mime-db@npm:1.46.0":
  version: 1.46.0
  resolution: "mime-db@npm:1.46.0"
  checksum: 4e137ac502ca5ba6c583e552c5fa6abd0c2157592f647824ba7246b771eb42c65c2a1816fc52b27afdbb88a026127f1d5fba354f9dcde591b3b464be07c3d27e
  languageName: node
  linkType: hard

"mime-types@npm:^2.1.12":
  version: 2.1.29
  resolution: "mime-types@npm:2.1.29"
  dependencies:
    mime-db: 1.46.0
  checksum: 744d72b2a24c64d2aacc1ead86bfc827c2c4f1bb6f3b4bf6d8684b82f5ddd0b75a5c0eff128a888c09080f9ad7979400b64a697889690fca3c42de80c8f5e187
  languageName: node
  linkType: hard

"mri@npm:^1.1.0":
  version: 1.1.6
  resolution: "mri@npm:1.1.6"
  checksum: 87a09465063063da6d69d98ac75a6206a597c7533561c74e8aab5e6490ebe2a0e94c583fb6e02429e1f4291286a9549eb6a9699c83f5bad252c2c9b4eada97da
  languageName: node
  linkType: hard

"node-fetch@npm:2.6.1":
  version: 2.6.1
  resolution: "node-fetch@npm:2.6.1"
  checksum: cbb171635e538162b977eac5dfe7a1e07a9a02e991924377a6435502291e2f823d306b95aabc455caebf4a118ccf836868462bc70ccc3095af02bb9da61fda37
  languageName: node
  linkType: hard

"open@npm:*, open@npm:8.0.4":
  version: 8.0.4
  resolution: "open@npm:8.0.4"
  dependencies:
    define-lazy-prop: ^2.0.0
    is-docker: ^2.1.1
    is-wsl: ^2.2.0
  checksum: 59ed69c1088736a5fe4b25426e32a3bec673aa9c7bbb7693235cafba03682ca558f0bcf6f3e9129da4250d2fd18d8d1fbc8ef91d574c6dae771d26070e387e3b
  languageName: node
  linkType: hard

"sade@npm:1.7.4":
  version: 1.7.4
  resolution: "sade@npm:1.7.4"
  dependencies:
    mri: ^1.1.0
  checksum: cff044d607d226858dc3a23fed521b152cc3a14aa62e4533fac5c6a4b39807135636328419447f05a35783b81264f18e5fd5aeb47f10f2e3a9a423864fbb83f9
  languageName: node
  linkType: hard

"source-map-support@npm:^0.5.19":
  version: 0.5.19
  resolution: "source-map-support@npm:0.5.19"
  dependencies:
    buffer-from: ^1.0.0
    source-map: ^0.6.0
  checksum: 59d4efaae97755155b078413ecba63517e3ef054cc7ab767bbd30e6f3054be2ae8e8f5cce7eef53b7eb93e98fe27a58dd8f5e7abfb13144ba420ddaf5267bbb2
  languageName: node
  linkType: hard

"source-map@npm:^0.6.0":
  version: 0.6.1
  resolution: "source-map@npm:0.6.1"
  checksum: 8647829a0611724114022be455ca1c8a2c8ae61df81c5b3667d9b398207226a1e21174fb7bbf0b4dbeb27ac358222afb5a14f1c74a62a62b8883b012e5eb1270
  languageName: node
  linkType: hard

"tslib@npm:^2.0.3":
  version: 2.1.0
  resolution: "tslib@npm:2.1.0"
  checksum: d8f5bdd067611651c6b846c2388f4dc8ba1f5af124e66105f5263d1ad56da17f4b8c6566887ca2f205c5a9758451871ceca87d5d06087af2dca1699c5e33db69
  languageName: node
  linkType: hard

typescript@4.2.3:
  version: 4.2.3
  resolution: "typescript@npm:4.2.3"
  bin:
    tsc: bin/tsc
    tsserver: bin/tsserver
  checksum: 06e8470f317db6f5e2fce809b20eb84a67a7d8179057abff36e5427bd1b891bd08e54581ff81f0fa36aef9b6d1eb0f54eaf6e2643c6dbd4e37a0adcc41eed256
  languageName: node
  linkType: hard

"typescript@patch:typescript@4.2.3#builtin<compat/typescript>":
  version: 4.2.3
  resolution: "typescript@patch:typescript@npm%3A4.2.3#builtin<compat/typescript>::version=4.2.3&hash=a45b0e"
  bin:
    tsc: bin/tsc
    tsserver: bin/tsserver
  checksum: a8956044aabf730699bcc3c2475efdd3f35e509329325cf60b4989761d4c2188e2c474183e2cf92b8c201fcf976814a5a16f144508b2a832643c4f972d0ab803
  languageName: node
  linkType: hard
