# This file is generated by running "yarn install" inside your project.
# Manual changes might be lost - proceed with caution!

__metadata:
  version: 4
  cacheKey: 7

"@types/js-yaml@npm:4.0.0":
  version: 4.0.0
  resolution: "@types/js-yaml@npm:4.0.0"
  checksum: 7a4431db3069988c5fa7fd00be45f18f6e355ab227b3ba23c993eeb949ee6ee39bf7180663b94f5a2378bece277ec4c49f26a27189edc263da7eeb6cd4a09d27
  languageName: node
  linkType: hard

"@types/mri@npm:*":
  version: 1.1.0
  resolution: "@types/mri@npm:1.1.0"
  checksum: 6e7ef55196c46115bb9b31a86751a9f14056459364540328419fcecb35f5379ec47ad35e73c957b7cd2fd7b087edd383b58a6734dce7a9d2b3296b03aa971a53
  languageName: node
  linkType: hard

"@types/node@npm:*, @types/node@npm:14.14.37":
  version: 14.14.37
  resolution: "@types/node@npm:14.14.37"
  checksum: 5e2d9baf7594ebacaf016716515f30de0765169412787f981481c2fb8b468923149bb9e2e3219ee672399811672ceddc339a7372a61cf15bc656836a5494d991
  languageName: node
  linkType: hard

"@types/opener@npm:^1.4.0":
  version: 1.4.0
  resolution: "@types/opener@npm:1.4.0"
  dependencies:
    "@types/node": "*"
  checksum: 089735e04409d59e8c612c8743af995ff72f684bc1efb5a9dff71d8f8dc695f687ae1ef09979c15443b4b1c7d48eb629c4ab548b2b00d0a4cd8024e607685131
  languageName: node
  linkType: hard

"@types/sade@npm:1.7.2":
  version: 1.7.2
  resolution: "@types/sade@npm:1.7.2"
  dependencies:
    "@types/mri": "*"
  checksum: de2ee4f1dae7e060eb7785af97b6aad295168bff1ded27fae674b2cefdc080f2768e8511d310b8d912f445f11e03328efce800739a0de5d8672b8ac4f235840e
  languageName: node
  linkType: hard

"ado-auth@workspace:.":
  version: 0.0.0-use.local
  resolution: "ado-auth@workspace:."
  dependencies:
    "@types/js-yaml": 4.0.0
    "@types/node": 14.14.37
    "@types/opener": ^1.4.0
    "@types/sade": 1.7.2
    dayjs: 1.10.4
    esbuild-runner: 1.3.2
    js-yaml: 4.0.0
    opener: 1.5.2
    sade: 1.7.4
    typescript: 4.2.3
  bin:
    ado-auth: ./bin/cli.js
  languageName: unknown
  linkType: soft

"argparse@npm:^2.0.1":
  version: 2.0.1
  resolution: "argparse@npm:2.0.1"
  checksum: 160b7a25d2a7097fd5fdf25eb8a99e037340078f70e6c7cfdef305837ed14d54570b2b13261bcae26c8cd44ad6e9a7136a0110d815ac65a7891c69c7bf2f4afd
  languageName: node
  linkType: hard

"buffer-from@npm:^1.0.0":
  version: 1.1.1
  resolution: "buffer-from@npm:1.1.1"
  checksum: 540ceb79c4f5bfcadaabbc18324fa84c50dc52905084be7c03596a339cf5a88513bee6831ce9b36ddd046fab09257a7c80686e129d0559a0cfd141da196ad956
  languageName: node
  linkType: hard

"dayjs@npm:1.10.4":
  version: 1.10.4
  resolution: "dayjs@npm:1.10.4"
  checksum: 3b7bb2232fff808209870bc72d4b2000941a1aa45f0226e2907f9dd1dda306d4b3a1eb9058450fd2c324b01a007a37809ac6f9b525806a86902c55e2934cd5d5
  languageName: node
  linkType: hard

"esbuild-runner@npm:1.3.2":
  version: 1.3.2
  resolution: "esbuild-runner@npm:1.3.2"
  dependencies:
    esbuild: ^0.8.20
    source-map-support: ^0.5.19
    tslib: ^2.0.3
  bin:
    esr: bin/esr.js
  checksum: ab16a3dccd147a4d896fe5dbcd748b97990304a7f13ed32a58cb06c92de824f734b92fcaab9f05bbf442f4cf9bf7fdc96adbcf93819a12551548147899334cac
  languageName: node
  linkType: hard

"esbuild@npm:^0.8.20":
  version: 0.8.57
  resolution: "esbuild@npm:0.8.57"
  bin:
    esbuild: bin/esbuild
  checksum: 0942950a21a30b57a324380cfedcb425cc1245412e720593415afa0d4f1b7c5f931aa6330937dc1353c754d45c1e5ff7dbc52eb514f54d85517114971300b454
  languageName: node
  linkType: hard

"js-yaml@npm:4.0.0":
  version: 4.0.0
  resolution: "js-yaml@npm:4.0.0"
  dependencies:
    argparse: ^2.0.1
  bin:
    js-yaml: bin/js-yaml.js
  checksum: ee9b16cdbba690ec70f46d61737b28b35e26e6d51606c466de7fa876d3517de0cfdffd2e1ef21263d5ca3b32659d2e4c65255f50d6e236f022305bce72242d46
  languageName: node
  linkType: hard

"mri@npm:^1.1.0":
  version: 1.1.6
  resolution: "mri@npm:1.1.6"
  checksum: 87a09465063063da6d69d98ac75a6206a597c7533561c74e8aab5e6490ebe2a0e94c583fb6e02429e1f4291286a9549eb6a9699c83f5bad252c2c9b4eada97da
  languageName: node
  linkType: hard

"opener@npm:1.5.2":
  version: 1.5.2
  resolution: "opener@npm:1.5.2"
  bin:
    opener: bin/opener-bin.js
  checksum: 855420de4ffbfed1a25f000e7d146c4194aa678cc113d428572de67f9491f6721183ffdeb705af3b08404e29f7ec451b88da9ae19347a515872803dfabef471c
  languageName: node
  linkType: hard

"sade@npm:1.7.4":
  version: 1.7.4
  resolution: "sade@npm:1.7.4"
  dependencies:
    mri: ^1.1.0
  checksum: cff044d607d226858dc3a23fed521b152cc3a14aa62e4533fac5c6a4b39807135636328419447f05a35783b81264f18e5fd5aeb47f10f2e3a9a423864fbb83f9
  languageName: node
  linkType: hard

"source-map-support@npm:^0.5.19":
  version: 0.5.19
  resolution: "source-map-support@npm:0.5.19"
  dependencies:
    buffer-from: ^1.0.0
    source-map: ^0.6.0
  checksum: 59d4efaae97755155b078413ecba63517e3ef054cc7ab767bbd30e6f3054be2ae8e8f5cce7eef53b7eb93e98fe27a58dd8f5e7abfb13144ba420ddaf5267bbb2
  languageName: node
  linkType: hard

"source-map@npm:^0.6.0":
  version: 0.6.1
  resolution: "source-map@npm:0.6.1"
  checksum: 8647829a0611724114022be455ca1c8a2c8ae61df81c5b3667d9b398207226a1e21174fb7bbf0b4dbeb27ac358222afb5a14f1c74a62a62b8883b012e5eb1270
  languageName: node
  linkType: hard

"tslib@npm:^2.0.3":
  version: 2.1.0
  resolution: "tslib@npm:2.1.0"
  checksum: d8f5bdd067611651c6b846c2388f4dc8ba1f5af124e66105f5263d1ad56da17f4b8c6566887ca2f205c5a9758451871ceca87d5d06087af2dca1699c5e33db69
  languageName: node
  linkType: hard

typescript@4.2.3:
  version: 4.2.3
  resolution: "typescript@npm:4.2.3"
  bin:
    tsc: bin/tsc
    tsserver: bin/tsserver
  checksum: 06e8470f317db6f5e2fce809b20eb84a67a7d8179057abff36e5427bd1b891bd08e54581ff81f0fa36aef9b6d1eb0f54eaf6e2643c6dbd4e37a0adcc41eed256
  languageName: node
  linkType: hard

"typescript@patch:typescript@4.2.3#builtin<compat/typescript>":
  version: 4.2.3
  resolution: "typescript@patch:typescript@npm%3A4.2.3#builtin<compat/typescript>::version=4.2.3&hash=a45b0e"
  bin:
    tsc: bin/tsc
    tsserver: bin/tsserver
  checksum: a8956044aabf730699bcc3c2475efdd3f35e509329325cf60b4989761d4c2188e2c474183e2cf92b8c201fcf976814a5a16f144508b2a832643c4f972d0ab803
  languageName: node
  linkType: hard
